
Microsoft Visual Studio Solution File, Format Version 12.00
# Visual Studio Version 17
VisualStudioVersion = 17.12.35527.113
MinimumVisualStudioVersion = 10.0.40219.1
Project("{FAE04EC0-301F-11D3-BF4B-00C04F79EFBC}") = "kutuphane2", "kutuphane2\kutuphane2.csproj", "{97715D18-F71D-4B05-AAD0-6EFF193858AF}"
EndProject
Project("{54435603-DBB4-11D2-8724-00A0C9A8B90C}") = "kutuphaneSetup", "kutuphaneSetup\kutuphaneSetup.vdproj", "{F774741D-2D1C-4E0B-BAC5-6AF2F6089F05}"
EndProject
Global
	GlobalSection(SolutionConfigurationPlatforms) = preSolution
		Debug|Any CPU = Debug|Any CPU
		Release|Any CPU = Release|Any CPU
	EndGlobalSection
	GlobalSection(ProjectConfigurationPlatforms) = postSolution
		{97715D18-F71D-4B05-AAD0-6EFF193858AF}.Debug|Any CPU.ActiveCfg = Debug|Any CPU
		{97715D18-F71D-4B05-AAD0-6EFF193858AF}.Debug|Any CPU.Build.0 = Debug|Any CPU
		{97715D18-F71D-4B05-AAD0-6EFF193858AF}.Release|Any CPU.ActiveCfg = Release|Any CPU
		{97715D18-F71D-4B05-AAD0-6EFF193858AF}.Release|Any CPU.Build.0 = Release|Any CPU
		{F774741D-2D1C-4E0B-BAC5-6AF2F6089F05}.Debug|Any CPU.ActiveCfg = Debug
		{F774741D-2D1C-4E0B-BAC5-6AF2F6089F05}.Release|Any CPU.ActiveCfg = Release
	EndGlobalSection
	GlobalSection(SolutionProperties) = preSolution
		HideSolutionNode = FALSE
	EndGlobalSection
EndGlobal
